// !$*UTF8*$!
{
	archiveVersion = 1;
	classes = {
	};
	objectVersion = 55;
	objects = {

/* Begin PBXBuildFile section */
		44682B2B285CAD89009B3FD2 /* XCTestCase+MemoryLeakTracking.swift in Sources */ = {isa = PBXBuildFile; fileRef = 446C80272859E510006E78F9 /* XCTestCase+MemoryLeakTracking.swift */; };
		44682B2D285CB3D4009B3FD2 /* StargazersViewController_Tests.swift in Sources */ = {isa = PBXBuildFile; fileRef = 44682B2C285CB3D4009B3FD2 /* StargazersViewController_Tests.swift */; };
		44682B2F285CBA4A009B3FD2 /* StargazersLoader.swift in Sources */ = {isa = PBXBuildFile; fileRef = 44682B2E285CBA4A009B3FD2 /* StargazersLoader.swift */; };
		44682B36285CC0D9009B3FD2 /* GithubStargazers.framework in Frameworks */ = {isa = PBXBuildFile; fileRef = 446C8008285930E7006E78F9 /* GithubStargazers.framework */; };
		44682B37285CC1F9009B3FD2 /* XCTestCase+MemoryLeakTracking.swift in Sources */ = {isa = PBXBuildFile; fileRef = 446C80272859E510006E78F9 /* XCTestCase+MemoryLeakTracking.swift */; };
		44682B39285CCE3B009B3FD2 /* StargazersViewController.swift in Sources */ = {isa = PBXBuildFile; fileRef = 44682B38285CCE3B009B3FD2 /* StargazersViewController.swift */; };
		44682B3B285CD455009B3FD2 /* StargazerCell.swift in Sources */ = {isa = PBXBuildFile; fileRef = 44682B3A285CD455009B3FD2 /* StargazerCell.swift */; };
		446C8011285930E7006E78F9 /* GithubStargazers.framework in Frameworks */ = {isa = PBXBuildFile; fileRef = 446C8008285930E7006E78F9 /* GithubStargazers.framework */; };
		446C8017285930E8006E78F9 /* GithubStargazers.h in Headers */ = {isa = PBXBuildFile; fileRef = 446C800B285930E7006E78F9 /* GithubStargazers.h */; settings = {ATTRIBUTES = (Public, ); }; };
		446C8021285931D5006E78F9 /* GithubStargazersLoader_Tests.swift in Sources */ = {isa = PBXBuildFile; fileRef = 446C8020285931D5006E78F9 /* GithubStargazersLoader_Tests.swift */; };
		446C802328593D22006E78F9 /* HTTPClient.swift in Sources */ = {isa = PBXBuildFile; fileRef = 446C802228593D22006E78F9 /* HTTPClient.swift */; };
		446C802628593D67006E78F9 /* HTTPClientSpy.swift in Sources */ = {isa = PBXBuildFile; fileRef = 446C802528593D67006E78F9 /* HTTPClientSpy.swift */; };
		446C80282859E510006E78F9 /* XCTestCase+MemoryLeakTracking.swift in Sources */ = {isa = PBXBuildFile; fileRef = 446C80272859E510006E78F9 /* XCTestCase+MemoryLeakTracking.swift */; };
		446C802A2859E680006E78F9 /* Stargazer.swift in Sources */ = {isa = PBXBuildFile; fileRef = 446C80292859E680006E78F9 /* Stargazer.swift */; };
		446C802C2859E6D5006E78F9 /* GithubStargazersLoader.swift in Sources */ = {isa = PBXBuildFile; fileRef = 446C802B2859E6D5006E78F9 /* GithubStargazersLoader.swift */; };
		44E9EAFE285B81B100BF6456 /* GithubStargazersEnd2EndTests.swift in Sources */ = {isa = PBXBuildFile; fileRef = 44E9EAFD285B81B100BF6456 /* GithubStargazersEnd2EndTests.swift */; };
		44E9EAFF285B81B100BF6456 /* GithubStargazers.framework in Frameworks */ = {isa = PBXBuildFile; fileRef = 446C8008285930E7006E78F9 /* GithubStargazers.framework */; };
		44E9EB2C285BC45200BF6456 /* GithubStargazersiOS.framework in Frameworks */ = {isa = PBXBuildFile; fileRef = 44E9EB24285BC45200BF6456 /* GithubStargazersiOS.framework */; };
		44E9EB32285BC45300BF6456 /* GithubStargazersiOS.h in Headers */ = {isa = PBXBuildFile; fileRef = 44E9EB26285BC45200BF6456 /* GithubStargazersiOS.h */; settings = {ATTRIBUTES = (Public, ); }; };
/* End PBXBuildFile section */

/* Begin PBXContainerItemProxy section */
		446C8012285930E7006E78F9 /* PBXContainerItemProxy */ = {
			isa = PBXContainerItemProxy;
			containerPortal = 446C7FFF285930E7006E78F9 /* Project object */;
			proxyType = 1;
			remoteGlobalIDString = 446C8007285930E7006E78F9;
			remoteInfo = GithubStargazers;
		};
		44E9EB00285B81B100BF6456 /* PBXContainerItemProxy */ = {
			isa = PBXContainerItemProxy;
			containerPortal = 446C7FFF285930E7006E78F9 /* Project object */;
			proxyType = 1;
			remoteGlobalIDString = 446C8007285930E7006E78F9;
			remoteInfo = GithubStargazers;
		};
		44E9EB2D285BC45200BF6456 /* PBXContainerItemProxy */ = {
			isa = PBXContainerItemProxy;
			containerPortal = 446C7FFF285930E7006E78F9 /* Project object */;
			proxyType = 1;
			remoteGlobalIDString = 44E9EB23285BC45200BF6456;
			remoteInfo = GithubStargazersiOS;
		};
/* End PBXContainerItemProxy section */

/* Begin PBXFileReference section */
		44682B2C285CB3D4009B3FD2 /* StargazersViewController_Tests.swift */ = {isa = PBXFileReference; lastKnownFileType = sourcecode.swift; path = StargazersViewController_Tests.swift; sourceTree = "<group>"; };
		44682B2E285CBA4A009B3FD2 /* StargazersLoader.swift */ = {isa = PBXFileReference; lastKnownFileType = sourcecode.swift; path = StargazersLoader.swift; sourceTree = "<group>"; };
		44682B38285CCE3B009B3FD2 /* StargazersViewController.swift */ = {isa = PBXFileReference; lastKnownFileType = sourcecode.swift; path = StargazersViewController.swift; sourceTree = "<group>"; };
		44682B3A285CD455009B3FD2 /* StargazerCell.swift */ = {isa = PBXFileReference; lastKnownFileType = sourcecode.swift; path = StargazerCell.swift; sourceTree = "<group>"; };
		446C8008285930E7006E78F9 /* GithubStargazers.framework */ = {isa = PBXFileReference; explicitFileType = wrapper.framework; includeInIndex = 0; path = GithubStargazers.framework; sourceTree = BUILT_PRODUCTS_DIR; };
		446C800B285930E7006E78F9 /* GithubStargazers.h */ = {isa = PBXFileReference; lastKnownFileType = sourcecode.c.h; path = GithubStargazers.h; sourceTree = "<group>"; };
		446C8010285930E7006E78F9 /* GithubStargazersTests.xctest */ = {isa = PBXFileReference; explicitFileType = wrapper.cfbundle; includeInIndex = 0; path = GithubStargazersTests.xctest; sourceTree = BUILT_PRODUCTS_DIR; };
		446C8020285931D5006E78F9 /* GithubStargazersLoader_Tests.swift */ = {isa = PBXFileReference; lastKnownFileType = sourcecode.swift; path = GithubStargazersLoader_Tests.swift; sourceTree = "<group>"; };
		446C802228593D22006E78F9 /* HTTPClient.swift */ = {isa = PBXFileReference; lastKnownFileType = sourcecode.swift; path = HTTPClient.swift; sourceTree = "<group>"; };
		446C802528593D67006E78F9 /* HTTPClientSpy.swift */ = {isa = PBXFileReference; lastKnownFileType = sourcecode.swift; path = HTTPClientSpy.swift; sourceTree = "<group>"; };
		446C80272859E510006E78F9 /* XCTestCase+MemoryLeakTracking.swift */ = {isa = PBXFileReference; lastKnownFileType = sourcecode.swift; path = "XCTestCase+MemoryLeakTracking.swift"; sourceTree = "<group>"; };
		446C80292859E680006E78F9 /* Stargazer.swift */ = {isa = PBXFileReference; lastKnownFileType = sourcecode.swift; path = Stargazer.swift; sourceTree = "<group>"; };
		446C802B2859E6D5006E78F9 /* GithubStargazersLoader.swift */ = {isa = PBXFileReference; lastKnownFileType = sourcecode.swift; path = GithubStargazersLoader.swift; sourceTree = "<group>"; };
		44E9EAFB285B81B100BF6456 /* GithubStargazersEnd2EndTests.xctest */ = {isa = PBXFileReference; explicitFileType = wrapper.cfbundle; includeInIndex = 0; path = GithubStargazersEnd2EndTests.xctest; sourceTree = BUILT_PRODUCTS_DIR; };
		44E9EAFD285B81B100BF6456 /* GithubStargazersEnd2EndTests.swift */ = {isa = PBXFileReference; lastKnownFileType = sourcecode.swift; path = GithubStargazersEnd2EndTests.swift; sourceTree = "<group>"; };
		44E9EB24285BC45200BF6456 /* GithubStargazersiOS.framework */ = {isa = PBXFileReference; explicitFileType = wrapper.framework; includeInIndex = 0; path = GithubStargazersiOS.framework; sourceTree = BUILT_PRODUCTS_DIR; };
		44E9EB26285BC45200BF6456 /* GithubStargazersiOS.h */ = {isa = PBXFileReference; lastKnownFileType = sourcecode.c.h; path = GithubStargazersiOS.h; sourceTree = "<group>"; };
		44E9EB2B285BC45200BF6456 /* GithubStargazersiOSTests.xctest */ = {isa = PBXFileReference; explicitFileType = wrapper.cfbundle; includeInIndex = 0; path = GithubStargazersiOSTests.xctest; sourceTree = BUILT_PRODUCTS_DIR; };
/* End PBXFileReference section */

/* Begin PBXFrameworksBuildPhase section */
		446C8005285930E7006E78F9 /* Frameworks */ = {
			isa = PBXFrameworksBuildPhase;
			buildActionMask = 2147483647;
			files = (
			);
			runOnlyForDeploymentPostprocessing = 0;
		};
		446C800D285930E7006E78F9 /* Frameworks */ = {
			isa = PBXFrameworksBuildPhase;
			buildActionMask = 2147483647;
			files = (
				446C8011285930E7006E78F9 /* GithubStargazers.framework in Frameworks */,
			);
			runOnlyForDeploymentPostprocessing = 0;
		};
		44E9EAF8285B81B100BF6456 /* Frameworks */ = {
			isa = PBXFrameworksBuildPhase;
			buildActionMask = 2147483647;
			files = (
				44E9EAFF285B81B100BF6456 /* GithubStargazers.framework in Frameworks */,
			);
			runOnlyForDeploymentPostprocessing = 0;
		};
		44E9EB21285BC45200BF6456 /* Frameworks */ = {
			isa = PBXFrameworksBuildPhase;
			buildActionMask = 2147483647;
			files = (
				44682B36285CC0D9009B3FD2 /* GithubStargazers.framework in Frameworks */,
			);
			runOnlyForDeploymentPostprocessing = 0;
		};
		44E9EB28285BC45200BF6456 /* Frameworks */ = {
			isa = PBXFrameworksBuildPhase;
			buildActionMask = 2147483647;
			files = (
				44E9EB2C285BC45200BF6456 /* GithubStargazersiOS.framework in Frameworks */,
			);
			runOnlyForDeploymentPostprocessing = 0;
		};
/* End PBXFrameworksBuildPhase section */

/* Begin PBXGroup section */
		44682B30285CC0BB009B3FD2 /* Frameworks */ = {
			isa = PBXGroup;
			children = (
			);
			name = Frameworks;
			sourceTree = "<group>";
		};
		446C7FFE285930E7006E78F9 = {
			isa = PBXGroup;
			children = (
				446C800A285930E7006E78F9 /* GithubStargazers */,
				446C8014285930E8006E78F9 /* GithubStargazersTests */,
				44E9EAFC285B81B100BF6456 /* GithubStargazersEnd2EndTests */,
				44E9EB25285BC45200BF6456 /* GithubStargazersiOS */,
				44E9EB2F285BC45200BF6456 /* GithubStargazersiOSTests */,
				446C8009285930E7006E78F9 /* Products */,
				44682B30285CC0BB009B3FD2 /* Frameworks */,
			);
			sourceTree = "<group>";
		};
		446C8009285930E7006E78F9 /* Products */ = {
			isa = PBXGroup;
			children = (
				446C8008285930E7006E78F9 /* GithubStargazers.framework */,
				446C8010285930E7006E78F9 /* GithubStargazersTests.xctest */,
				44E9EAFB285B81B100BF6456 /* GithubStargazersEnd2EndTests.xctest */,
				44E9EB24285BC45200BF6456 /* GithubStargazersiOS.framework */,
				44E9EB2B285BC45200BF6456 /* GithubStargazersiOSTests.xctest */,
			);
			name = Products;
			sourceTree = "<group>";
		};
		446C800A285930E7006E78F9 /* GithubStargazers */ = {
			isa = PBXGroup;
			children = (
				446C800B285930E7006E78F9 /* GithubStargazers.h */,
				446C802228593D22006E78F9 /* HTTPClient.swift */,
				446C80292859E680006E78F9 /* Stargazer.swift */,
				446C802B2859E6D5006E78F9 /* GithubStargazersLoader.swift */,
				44682B2E285CBA4A009B3FD2 /* StargazersLoader.swift */,
			);
			path = GithubStargazers;
			sourceTree = "<group>";
		};
		446C8014285930E8006E78F9 /* GithubStargazersTests */ = {
			isa = PBXGroup;
			children = (
				446C802428593D58006E78F9 /* Helpers */,
				446C8020285931D5006E78F9 /* GithubStargazersLoader_Tests.swift */,
			);
			path = GithubStargazersTests;
			sourceTree = "<group>";
		};
		446C802428593D58006E78F9 /* Helpers */ = {
			isa = PBXGroup;
			children = (
				446C802528593D67006E78F9 /* HTTPClientSpy.swift */,
				446C80272859E510006E78F9 /* XCTestCase+MemoryLeakTracking.swift */,
			);
			path = Helpers;
			sourceTree = "<group>";
		};
		44E9EAFC285B81B100BF6456 /* GithubStargazersEnd2EndTests */ = {
			isa = PBXGroup;
			children = (
				44E9EAFD285B81B100BF6456 /* GithubStargazersEnd2EndTests.swift */,
			);
			path = GithubStargazersEnd2EndTests;
			sourceTree = "<group>";
		};
		44E9EB25285BC45200BF6456 /* GithubStargazersiOS */ = {
			isa = PBXGroup;
			children = (
				44E9EB26285BC45200BF6456 /* GithubStargazersiOS.h */,
				44682B38285CCE3B009B3FD2 /* StargazersViewController.swift */,
				44682B3A285CD455009B3FD2 /* StargazerCell.swift */,
			);
			path = GithubStargazersiOS;
			sourceTree = "<group>";
		};
		44E9EB2F285BC45200BF6456 /* GithubStargazersiOSTests */ = {
			isa = PBXGroup;
			children = (
				44682B2C285CB3D4009B3FD2 /* StargazersViewController_Tests.swift */,
			);
			path = GithubStargazersiOSTests;
			sourceTree = "<group>";
		};
/* End PBXGroup section */

/* Begin PBXHeadersBuildPhase section */
		446C8003285930E7006E78F9 /* Headers */ = {
			isa = PBXHeadersBuildPhase;
			buildActionMask = 2147483647;
			files = (
				446C8017285930E8006E78F9 /* GithubStargazers.h in Headers */,
			);
			runOnlyForDeploymentPostprocessing = 0;
		};
		44E9EB1F285BC45200BF6456 /* Headers */ = {
			isa = PBXHeadersBuildPhase;
			buildActionMask = 2147483647;
			files = (
				44E9EB32285BC45300BF6456 /* GithubStargazersiOS.h in Headers */,
			);
			runOnlyForDeploymentPostprocessing = 0;
		};
/* End PBXHeadersBuildPhase section */

/* Begin PBXNativeTarget section */
		446C8007285930E7006E78F9 /* GithubStargazers */ = {
			isa = PBXNativeTarget;
			buildConfigurationList = 446C801A285930E8006E78F9 /* Build configuration list for PBXNativeTarget "GithubStargazers" */;
			buildPhases = (
				446C8003285930E7006E78F9 /* Headers */,
				446C8004285930E7006E78F9 /* Sources */,
				446C8005285930E7006E78F9 /* Frameworks */,
				446C8006285930E7006E78F9 /* Resources */,
			);
			buildRules = (
			);
			dependencies = (
			);
			name = GithubStargazers;
			productName = GithubStargazers;
			productReference = 446C8008285930E7006E78F9 /* GithubStargazers.framework */;
			productType = "com.apple.product-type.framework";
		};
		446C800F285930E7006E78F9 /* GithubStargazersTests */ = {
			isa = PBXNativeTarget;
			buildConfigurationList = 446C801D285930E8006E78F9 /* Build configuration list for PBXNativeTarget "GithubStargazersTests" */;
			buildPhases = (
				446C800C285930E7006E78F9 /* Sources */,
				446C800D285930E7006E78F9 /* Frameworks */,
				446C800E285930E7006E78F9 /* Resources */,
			);
			buildRules = (
			);
			dependencies = (
				446C8013285930E7006E78F9 /* PBXTargetDependency */,
			);
			name = GithubStargazersTests;
			productName = GithubStargazersTests;
			productReference = 446C8010285930E7006E78F9 /* GithubStargazersTests.xctest */;
			productType = "com.apple.product-type.bundle.unit-test";
		};
		44E9EAFA285B81B100BF6456 /* GithubStargazersEnd2EndTests */ = {
			isa = PBXNativeTarget;
			buildConfigurationList = 44E9EB04285B81B100BF6456 /* Build configuration list for PBXNativeTarget "GithubStargazersEnd2EndTests" */;
			buildPhases = (
				44E9EAF7285B81B100BF6456 /* Sources */,
				44E9EAF8285B81B100BF6456 /* Frameworks */,
				44E9EAF9285B81B100BF6456 /* Resources */,
			);
			buildRules = (
			);
			dependencies = (
				44E9EB01285B81B100BF6456 /* PBXTargetDependency */,
			);
			name = GithubStargazersEnd2EndTests;
			productName = GithubStargazersEnd2EndTests;
			productReference = 44E9EAFB285B81B100BF6456 /* GithubStargazersEnd2EndTests.xctest */;
			productType = "com.apple.product-type.bundle.unit-test";
		};
		44E9EB23285BC45200BF6456 /* GithubStargazersiOS */ = {
			isa = PBXNativeTarget;
			buildConfigurationList = 44E9EB37285BC45300BF6456 /* Build configuration list for PBXNativeTarget "GithubStargazersiOS" */;
			buildPhases = (
				44E9EB1F285BC45200BF6456 /* Headers */,
				44E9EB20285BC45200BF6456 /* Sources */,
				44E9EB21285BC45200BF6456 /* Frameworks */,
				44E9EB22285BC45200BF6456 /* Resources */,
			);
			buildRules = (
			);
			dependencies = (
			);
			name = GithubStargazersiOS;
			productName = GithubStargazersiOS;
			productReference = 44E9EB24285BC45200BF6456 /* GithubStargazersiOS.framework */;
			productType = "com.apple.product-type.framework";
		};
		44E9EB2A285BC45200BF6456 /* GithubStargazersiOSTests */ = {
			isa = PBXNativeTarget;
			buildConfigurationList = 44E9EB38285BC45300BF6456 /* Build configuration list for PBXNativeTarget "GithubStargazersiOSTests" */;
			buildPhases = (
				44E9EB27285BC45200BF6456 /* Sources */,
				44E9EB28285BC45200BF6456 /* Frameworks */,
				44E9EB29285BC45200BF6456 /* Resources */,
			);
			buildRules = (
			);
			dependencies = (
				44E9EB2E285BC45200BF6456 /* PBXTargetDependency */,
			);
			name = GithubStargazersiOSTests;
			productName = GithubStargazersiOSTests;
			productReference = 44E9EB2B285BC45200BF6456 /* GithubStargazersiOSTests.xctest */;
			productType = "com.apple.product-type.bundle.unit-test";
		};
/* End PBXNativeTarget section */

/* Begin PBXProject section */
		446C7FFF285930E7006E78F9 /* Project object */ = {
			isa = PBXProject;
			attributes = {
				BuildIndependentTargetsInParallel = 1;
				LastSwiftUpdateCheck = 1340;
				LastUpgradeCheck = 1320;
				TargetAttributes = {
					446C8007285930E7006E78F9 = {
						CreatedOnToolsVersion = 13.2.1;
						LastSwiftMigration = 1320;
					};
					446C800F285930E7006E78F9 = {
						CreatedOnToolsVersion = 13.2.1;
					};
					44E9EAFA285B81B100BF6456 = {
						CreatedOnToolsVersion = 13.4.1;
					};
					44E9EB23285BC45200BF6456 = {
						CreatedOnToolsVersion = 13.4.1;
						LastSwiftMigration = 1340;
					};
					44E9EB2A285BC45200BF6456 = {
						CreatedOnToolsVersion = 13.4.1;
						LastSwiftMigration = 1340;
					};
				};
			};
			buildConfigurationList = 446C8002285930E7006E78F9 /* Build configuration list for PBXProject "GithubStargazers" */;
			compatibilityVersion = "Xcode 13.0";
			developmentRegion = en;
			hasScannedForEncodings = 0;
			knownRegions = (
				en,
				Base,
			);
			mainGroup = 446C7FFE285930E7006E78F9;
			productRefGroup = 446C8009285930E7006E78F9 /* Products */;
			projectDirPath = "";
			projectRoot = "";
			targets = (
				446C8007285930E7006E78F9 /* GithubStargazers */,
				446C800F285930E7006E78F9 /* GithubStargazersTests */,
				44E9EAFA285B81B100BF6456 /* GithubStargazersEnd2EndTests */,
				44E9EB23285BC45200BF6456 /* GithubStargazersiOS */,
				44E9EB2A285BC45200BF6456 /* GithubStargazersiOSTests */,
			);
		};
/* End PBXProject section */

/* Begin PBXResourcesBuildPhase section */
		446C8006285930E7006E78F9 /* Resources */ = {
			isa = PBXResourcesBuildPhase;
			buildActionMask = 2147483647;
			files = (
			);
			runOnlyForDeploymentPostprocessing = 0;
		};
		446C800E285930E7006E78F9 /* Resources */ = {
			isa = PBXResourcesBuildPhase;
			buildActionMask = 2147483647;
			files = (
			);
			runOnlyForDeploymentPostprocessing = 0;
		};
		44E9EAF9285B81B100BF6456 /* Resources */ = {
			isa = PBXResourcesBuildPhase;
			buildActionMask = 2147483647;
			files = (
			);
			runOnlyForDeploymentPostprocessing = 0;
		};
		44E9EB22285BC45200BF6456 /* Resources */ = {
			isa = PBXResourcesBuildPhase;
			buildActionMask = 2147483647;
			files = (
			);
			runOnlyForDeploymentPostprocessing = 0;
		};
		44E9EB29285BC45200BF6456 /* Resources */ = {
			isa = PBXResourcesBuildPhase;
			buildActionMask = 2147483647;
			files = (
			);
			runOnlyForDeploymentPostprocessing = 0;
		};
/* End PBXResourcesBuildPhase section */

/* Begin PBXSourcesBuildPhase section */
		446C8004285930E7006E78F9 /* Sources */ = {
			isa = PBXSourcesBuildPhase;
			buildActionMask = 2147483647;
			files = (
				446C802328593D22006E78F9 /* HTTPClient.swift in Sources */,
				446C802A2859E680006E78F9 /* Stargazer.swift in Sources */,
				44682B2F285CBA4A009B3FD2 /* StargazersLoader.swift in Sources */,
				446C802C2859E6D5006E78F9 /* GithubStargazersLoader.swift in Sources */,
			);
			runOnlyForDeploymentPostprocessing = 0;
		};
		446C800C285930E7006E78F9 /* Sources */ = {
			isa = PBXSourcesBuildPhase;
			buildActionMask = 2147483647;
			files = (
				446C8021285931D5006E78F9 /* GithubStargazersLoader_Tests.swift in Sources */,
				446C802628593D67006E78F9 /* HTTPClientSpy.swift in Sources */,
				446C80282859E510006E78F9 /* XCTestCase+MemoryLeakTracking.swift in Sources */,
			);
			runOnlyForDeploymentPostprocessing = 0;
		};
		44E9EAF7285B81B100BF6456 /* Sources */ = {
			isa = PBXSourcesBuildPhase;
			buildActionMask = 2147483647;
			files = (
				44E9EAFE285B81B100BF6456 /* GithubStargazersEnd2EndTests.swift in Sources */,
				44682B2B285CAD89009B3FD2 /* XCTestCase+MemoryLeakTracking.swift in Sources */,
			);
			runOnlyForDeploymentPostprocessing = 0;
		};
		44E9EB20285BC45200BF6456 /* Sources */ = {
			isa = PBXSourcesBuildPhase;
			buildActionMask = 2147483647;
			files = (
				44682B39285CCE3B009B3FD2 /* StargazersViewController.swift in Sources */,
				44682B3B285CD455009B3FD2 /* StargazerCell.swift in Sources */,
			);
			runOnlyForDeploymentPostprocessing = 0;
		};
		44E9EB27285BC45200BF6456 /* Sources */ = {
			isa = PBXSourcesBuildPhase;
			buildActionMask = 2147483647;
			files = (
				44682B2D285CB3D4009B3FD2 /* StargazersViewController_Tests.swift in Sources */,
				44682B37285CC1F9009B3FD2 /* XCTestCase+MemoryLeakTracking.swift in Sources */,
			);
			runOnlyForDeploymentPostprocessing = 0;
		};
/* End PBXSourcesBuildPhase section */

/* Begin PBXTargetDependency section */
		446C8013285930E7006E78F9 /* PBXTargetDependency */ = {
			isa = PBXTargetDependency;
			target = 446C8007285930E7006E78F9 /* GithubStargazers */;
			targetProxy = 446C8012285930E7006E78F9 /* PBXContainerItemProxy */;
		};
		44E9EB01285B81B100BF6456 /* PBXTargetDependency */ = {
			isa = PBXTargetDependency;
			target = 446C8007285930E7006E78F9 /* GithubStargazers */;
			targetProxy = 44E9EB00285B81B100BF6456 /* PBXContainerItemProxy */;
		};
		44E9EB2E285BC45200BF6456 /* PBXTargetDependency */ = {
			isa = PBXTargetDependency;
			target = 44E9EB23285BC45200BF6456 /* GithubStargazersiOS */;
			targetProxy = 44E9EB2D285BC45200BF6456 /* PBXContainerItemProxy */;
		};
/* End PBXTargetDependency section */

/* Begin XCBuildConfiguration section */
		446C8018285930E8006E78F9 /* Debug */ = {
			isa = XCBuildConfiguration;
			buildSettings = {
				ALWAYS_SEARCH_USER_PATHS = NO;
				CLANG_ANALYZER_NONNULL = YES;
				CLANG_ANALYZER_NUMBER_OBJECT_CONVERSION = YES_AGGRESSIVE;
				CLANG_CXX_LANGUAGE_STANDARD = "gnu++17";
				CLANG_CXX_LIBRARY = "libc++";
				CLANG_ENABLE_MODULES = YES;
				CLANG_ENABLE_OBJC_ARC = YES;
				CLANG_ENABLE_OBJC_WEAK = YES;
				CLANG_WARN_BLOCK_CAPTURE_AUTORELEASING = YES;
				CLANG_WARN_BOOL_CONVERSION = YES;
				CLANG_WARN_COMMA = YES;
				CLANG_WARN_CONSTANT_CONVERSION = YES;
				CLANG_WARN_DEPRECATED_OBJC_IMPLEMENTATIONS = YES;
				CLANG_WARN_DIRECT_OBJC_ISA_USAGE = YES_ERROR;
				CLANG_WARN_DOCUMENTATION_COMMENTS = YES;
				CLANG_WARN_EMPTY_BODY = YES;
				CLANG_WARN_ENUM_CONVERSION = YES;
				CLANG_WARN_INFINITE_RECURSION = YES;
				CLANG_WARN_INT_CONVERSION = YES;
				CLANG_WARN_NON_LITERAL_NULL_CONVERSION = YES;
				CLANG_WARN_OBJC_IMPLICIT_RETAIN_SELF = YES;
				CLANG_WARN_OBJC_LITERAL_CONVERSION = YES;
				CLANG_WARN_OBJC_ROOT_CLASS = YES_ERROR;
				CLANG_WARN_QUOTED_INCLUDE_IN_FRAMEWORK_HEADER = YES;
				CLANG_WARN_RANGE_LOOP_ANALYSIS = YES;
				CLANG_WARN_STRICT_PROTOTYPES = YES;
				CLANG_WARN_SUSPICIOUS_MOVE = YES;
				CLANG_WARN_UNGUARDED_AVAILABILITY = YES_AGGRESSIVE;
				CLANG_WARN_UNREACHABLE_CODE = YES;
				CLANG_WARN__DUPLICATE_METHOD_MATCH = YES;
				COPY_PHASE_STRIP = NO;
				CURRENT_PROJECT_VERSION = 1;
				DEBUG_INFORMATION_FORMAT = dwarf;
				ENABLE_STRICT_OBJC_MSGSEND = YES;
				ENABLE_TESTABILITY = YES;
				GCC_C_LANGUAGE_STANDARD = gnu11;
				GCC_DYNAMIC_NO_PIC = NO;
				GCC_NO_COMMON_BLOCKS = YES;
				GCC_OPTIMIZATION_LEVEL = 0;
				GCC_PREPROCESSOR_DEFINITIONS = (
					"DEBUG=1",
					"$(inherited)",
				);
				GCC_WARN_64_TO_32_BIT_CONVERSION = YES;
				GCC_WARN_ABOUT_RETURN_TYPE = YES_ERROR;
				GCC_WARN_UNDECLARED_SELECTOR = YES;
				GCC_WARN_UNINITIALIZED_AUTOS = YES_AGGRESSIVE;
				GCC_WARN_UNUSED_FUNCTION = YES;
				GCC_WARN_UNUSED_VARIABLE = YES;
				MACOSX_DEPLOYMENT_TARGET = 12.0;
				MTL_ENABLE_DEBUG_INFO = INCLUDE_SOURCE;
				MTL_FAST_MATH = YES;
				ONLY_ACTIVE_ARCH = YES;
				SDKROOT = macosx;
				SWIFT_ACTIVE_COMPILATION_CONDITIONS = DEBUG;
				SWIFT_OPTIMIZATION_LEVEL = "-Onone";
				VERSIONING_SYSTEM = "apple-generic";
				VERSION_INFO_PREFIX = "";
			};
			name = Debug;
		};
		446C8019285930E8006E78F9 /* Release */ = {
			isa = XCBuildConfiguration;
			buildSettings = {
				ALWAYS_SEARCH_USER_PATHS = NO;
				CLANG_ANALYZER_NONNULL = YES;
				CLANG_ANALYZER_NUMBER_OBJECT_CONVERSION = YES_AGGRESSIVE;
				CLANG_CXX_LANGUAGE_STANDARD = "gnu++17";
				CLANG_CXX_LIBRARY = "libc++";
				CLANG_ENABLE_MODULES = YES;
				CLANG_ENABLE_OBJC_ARC = YES;
				CLANG_ENABLE_OBJC_WEAK = YES;
				CLANG_WARN_BLOCK_CAPTURE_AUTORELEASING = YES;
				CLANG_WARN_BOOL_CONVERSION = YES;
				CLANG_WARN_COMMA = YES;
				CLANG_WARN_CONSTANT_CONVERSION = YES;
				CLANG_WARN_DEPRECATED_OBJC_IMPLEMENTATIONS = YES;
				CLANG_WARN_DIRECT_OBJC_ISA_USAGE = YES_ERROR;
				CLANG_WARN_DOCUMENTATION_COMMENTS = YES;
				CLANG_WARN_EMPTY_BODY = YES;
				CLANG_WARN_ENUM_CONVERSION = YES;
				CLANG_WARN_INFINITE_RECURSION = YES;
				CLANG_WARN_INT_CONVERSION = YES;
				CLANG_WARN_NON_LITERAL_NULL_CONVERSION = YES;
				CLANG_WARN_OBJC_IMPLICIT_RETAIN_SELF = YES;
				CLANG_WARN_OBJC_LITERAL_CONVERSION = YES;
				CLANG_WARN_OBJC_ROOT_CLASS = YES_ERROR;
				CLANG_WARN_QUOTED_INCLUDE_IN_FRAMEWORK_HEADER = YES;
				CLANG_WARN_RANGE_LOOP_ANALYSIS = YES;
				CLANG_WARN_STRICT_PROTOTYPES = YES;
				CLANG_WARN_SUSPICIOUS_MOVE = YES;
				CLANG_WARN_UNGUARDED_AVAILABILITY = YES_AGGRESSIVE;
				CLANG_WARN_UNREACHABLE_CODE = YES;
				CLANG_WARN__DUPLICATE_METHOD_MATCH = YES;
				COPY_PHASE_STRIP = NO;
				CURRENT_PROJECT_VERSION = 1;
				DEBUG_INFORMATION_FORMAT = "dwarf-with-dsym";
				ENABLE_NS_ASSERTIONS = NO;
				ENABLE_STRICT_OBJC_MSGSEND = YES;
				GCC_C_LANGUAGE_STANDARD = gnu11;
				GCC_NO_COMMON_BLOCKS = YES;
				GCC_WARN_64_TO_32_BIT_CONVERSION = YES;
				GCC_WARN_ABOUT_RETURN_TYPE = YES_ERROR;
				GCC_WARN_UNDECLARED_SELECTOR = YES;
				GCC_WARN_UNINITIALIZED_AUTOS = YES_AGGRESSIVE;
				GCC_WARN_UNUSED_FUNCTION = YES;
				GCC_WARN_UNUSED_VARIABLE = YES;
				MACOSX_DEPLOYMENT_TARGET = 12.0;
				MTL_ENABLE_DEBUG_INFO = NO;
				MTL_FAST_MATH = YES;
				SDKROOT = macosx;
				SWIFT_COMPILATION_MODE = wholemodule;
				SWIFT_OPTIMIZATION_LEVEL = "-O";
				VERSIONING_SYSTEM = "apple-generic";
				VERSION_INFO_PREFIX = "";
			};
			name = Release;
		};
		446C801B285930E8006E78F9 /* Debug */ = {
			isa = XCBuildConfiguration;
			buildSettings = {
				CLANG_ENABLE_MODULES = YES;
				CODE_SIGN_STYLE = Automatic;
				COMBINE_HIDPI_IMAGES = YES;
				CURRENT_PROJECT_VERSION = 1;
				DEFINES_MODULE = YES;
				DEVELOPMENT_TEAM = EWY7M8J6JS;
				DYLIB_COMPATIBILITY_VERSION = 1;
				DYLIB_CURRENT_VERSION = 1;
				DYLIB_INSTALL_NAME_BASE = "@rpath";
				GENERATE_INFOPLIST_FILE = YES;
				INFOPLIST_KEY_NSHumanReadableCopyright = "";
				INSTALL_PATH = "$(LOCAL_LIBRARY_DIR)/Frameworks";
				LD_RUNPATH_SEARCH_PATHS = (
					"$(inherited)",
					"@executable_path/../Frameworks",
					"@loader_path/Frameworks",
				);
				MARKETING_VERSION = 1.0;
				PRODUCT_BUNDLE_IDENTIFIER = com.nallo.GithubStargazers;
				PRODUCT_NAME = "$(TARGET_NAME:c99extidentifier)";
				SKIP_INSTALL = YES;
				SUPPORTED_PLATFORMS = "macosx iphonesimulator iphoneos";
				SWIFT_EMIT_LOC_STRINGS = YES;
				SWIFT_OPTIMIZATION_LEVEL = "-Onone";
				SWIFT_VERSION = 5.0;
			};
			name = Debug;
		};
		446C801C285930E8006E78F9 /* Release */ = {
			isa = XCBuildConfiguration;
			buildSettings = {
				CLANG_ENABLE_MODULES = YES;
				CODE_SIGN_STYLE = Automatic;
				COMBINE_HIDPI_IMAGES = YES;
				CURRENT_PROJECT_VERSION = 1;
				DEFINES_MODULE = YES;
				DEVELOPMENT_TEAM = EWY7M8J6JS;
				DYLIB_COMPATIBILITY_VERSION = 1;
				DYLIB_CURRENT_VERSION = 1;
				DYLIB_INSTALL_NAME_BASE = "@rpath";
				GENERATE_INFOPLIST_FILE = YES;
				INFOPLIST_KEY_NSHumanReadableCopyright = "";
				INSTALL_PATH = "$(LOCAL_LIBRARY_DIR)/Frameworks";
				LD_RUNPATH_SEARCH_PATHS = (
					"$(inherited)",
					"@executable_path/../Frameworks",
					"@loader_path/Frameworks",
				);
				MARKETING_VERSION = 1.0;
				PRODUCT_BUNDLE_IDENTIFIER = com.nallo.GithubStargazers;
				PRODUCT_NAME = "$(TARGET_NAME:c99extidentifier)";
				SKIP_INSTALL = YES;
				SUPPORTED_PLATFORMS = "macosx iphonesimulator iphoneos";
				SWIFT_EMIT_LOC_STRINGS = YES;
				SWIFT_VERSION = 5.0;
			};
			name = Release;
		};
		446C801E285930E8006E78F9 /* Debug */ = {
			isa = XCBuildConfiguration;
			buildSettings = {
				ALWAYS_EMBED_SWIFT_STANDARD_LIBRARIES = YES;
				CODE_SIGN_STYLE = Automatic;
				CURRENT_PROJECT_VERSION = 1;
				DEVELOPMENT_TEAM = EWY7M8J6JS;
				GENERATE_INFOPLIST_FILE = YES;
				MARKETING_VERSION = 1.0;
				PRODUCT_BUNDLE_IDENTIFIER = com.nallo.GithubStargazersTests;
				PRODUCT_NAME = "$(TARGET_NAME)";
				SUPPORTED_PLATFORMS = "macosx iphonesimulator iphoneos";
				SWIFT_EMIT_LOC_STRINGS = NO;
				SWIFT_VERSION = 5.0;
			};
			name = Debug;
		};
		446C801F285930E8006E78F9 /* Release */ = {
			isa = XCBuildConfiguration;
			buildSettings = {
				ALWAYS_EMBED_SWIFT_STANDARD_LIBRARIES = YES;
				CODE_SIGN_STYLE = Automatic;
				CURRENT_PROJECT_VERSION = 1;
				DEVELOPMENT_TEAM = EWY7M8J6JS;
				GENERATE_INFOPLIST_FILE = YES;
				MARKETING_VERSION = 1.0;
				PRODUCT_BUNDLE_IDENTIFIER = com.nallo.GithubStargazersTests;
				PRODUCT_NAME = "$(TARGET_NAME)";
				SUPPORTED_PLATFORMS = "macosx iphonesimulator iphoneos";
				SWIFT_EMIT_LOC_STRINGS = NO;
				SWIFT_VERSION = 5.0;
			};
			name = Release;
		};
		44E9EB02285B81B100BF6456 /* Debug */ = {
			isa = XCBuildConfiguration;
			buildSettings = {
				CODE_SIGN_STYLE = Automatic;
				CURRENT_PROJECT_VERSION = 1;
				DEVELOPMENT_TEAM = H7TERFXEST;
				GENERATE_INFOPLIST_FILE = YES;
				MARKETING_VERSION = 1.0;
				PRODUCT_BUNDLE_IDENTIFIER = com.urmet.GithubStargazersEnd2EndTests;
				PRODUCT_NAME = "$(TARGET_NAME)";
				SUPPORTED_PLATFORMS = "macosx iphonesimulator iphoneos";
				SWIFT_EMIT_LOC_STRINGS = NO;
				SWIFT_VERSION = 5.0;
			};
			name = Debug;
		};
		44E9EB03285B81B100BF6456 /* Release */ = {
			isa = XCBuildConfiguration;
			buildSettings = {
				CODE_SIGN_STYLE = Automatic;
				CURRENT_PROJECT_VERSION = 1;
				DEVELOPMENT_TEAM = H7TERFXEST;
				GENERATE_INFOPLIST_FILE = YES;
				MARKETING_VERSION = 1.0;
				PRODUCT_BUNDLE_IDENTIFIER = com.urmet.GithubStargazersEnd2EndTests;
				PRODUCT_NAME = "$(TARGET_NAME)";
				SUPPORTED_PLATFORMS = "macosx iphonesimulator iphoneos";
				SWIFT_EMIT_LOC_STRINGS = NO;
				SWIFT_VERSION = 5.0;
			};
			name = Release;
		};
		44E9EB33285BC45300BF6456 /* Debug */ = {
			isa = XCBuildConfiguration;
			buildSettings = {
				CLANG_ENABLE_MODULES = YES;
				CODE_SIGN_STYLE = Automatic;
				CURRENT_PROJECT_VERSION = 1;
				DEFINES_MODULE = YES;
				DEVELOPMENT_TEAM = EWY7M8J6JS;
				DYLIB_COMPATIBILITY_VERSION = 1;
				DYLIB_CURRENT_VERSION = 1;
				DYLIB_INSTALL_NAME_BASE = "@rpath";
				GENERATE_INFOPLIST_FILE = YES;
				INFOPLIST_KEY_NSHumanReadableCopyright = "";
				INSTALL_PATH = "$(LOCAL_LIBRARY_DIR)/Frameworks";
				IPHONEOS_DEPLOYMENT_TARGET = 15.5;
				LD_RUNPATH_SEARCH_PATHS = (
					"$(inherited)",
					"@executable_path/Frameworks",
					"@loader_path/Frameworks",
				);
				MARKETING_VERSION = 1.0;
				PRODUCT_BUNDLE_IDENTIFIER = com.nallo.GithubStargazersiOS;
				PRODUCT_NAME = "$(TARGET_NAME:c99extidentifier)";
				SDKROOT = iphoneos;
				SKIP_INSTALL = YES;
				SWIFT_EMIT_LOC_STRINGS = YES;
				SWIFT_OPTIMIZATION_LEVEL = "-Onone";
				SWIFT_VERSION = 5.0;
				TARGETED_DEVICE_FAMILY = "1,2";
			};
			name = Debug;
		};
		44E9EB34285BC45300BF6456 /* Release */ = {
			isa = XCBuildConfiguration;
			buildSettings = {
				CLANG_ENABLE_MODULES = YES;
				CODE_SIGN_STYLE = Automatic;
				CURRENT_PROJECT_VERSION = 1;
				DEFINES_MODULE = YES;
				DEVELOPMENT_TEAM = EWY7M8J6JS;
				DYLIB_COMPATIBILITY_VERSION = 1;
				DYLIB_CURRENT_VERSION = 1;
				DYLIB_INSTALL_NAME_BASE = "@rpath";
				GENERATE_INFOPLIST_FILE = YES;
				INFOPLIST_KEY_NSHumanReadableCopyright = "";
				INSTALL_PATH = "$(LOCAL_LIBRARY_DIR)/Frameworks";
				IPHONEOS_DEPLOYMENT_TARGET = 15.5;
				LD_RUNPATH_SEARCH_PATHS = (
					"$(inherited)",
					"@executable_path/Frameworks",
					"@loader_path/Frameworks",
				);
				MARKETING_VERSION = 1.0;
				PRODUCT_BUNDLE_IDENTIFIER = com.nallo.GithubStargazersiOS;
				PRODUCT_NAME = "$(TARGET_NAME:c99extidentifier)";
				SDKROOT = iphoneos;
				SKIP_INSTALL = YES;
				SWIFT_EMIT_LOC_STRINGS = YES;
				SWIFT_VERSION = 5.0;
				TARGETED_DEVICE_FAMILY = "1,2";
				VALIDATE_PRODUCT = YES;
			};
			name = Release;
		};
		44E9EB35285BC45300BF6456 /* Debug */ = {
			isa = XCBuildConfiguration;
			buildSettings = {
				ALWAYS_EMBED_SWIFT_STANDARD_LIBRARIES = YES;
				CLANG_ENABLE_MODULES = YES;
				CODE_SIGN_STYLE = Automatic;
				CURRENT_PROJECT_VERSION = 1;
				DEVELOPMENT_TEAM = EWY7M8J6JS;
				GENERATE_INFOPLIST_FILE = YES;
				IPHONEOS_DEPLOYMENT_TARGET = 15.5;
				LD_RUNPATH_SEARCH_PATHS = (
					"$(inherited)",
					"@executable_path/Frameworks",
					"@loader_path/Frameworks",
				);
				MARKETING_VERSION = 1.0;
				PRODUCT_BUNDLE_IDENTIFIER = com.nallo.GithubStargazersiOSTests;
				PRODUCT_NAME = "$(TARGET_NAME)";
				SDKROOT = iphoneos;
				SWIFT_EMIT_LOC_STRINGS = NO;
				SWIFT_OPTIMIZATION_LEVEL = "-Onone";
				SWIFT_VERSION = 5.0;
				TARGETED_DEVICE_FAMILY = "1,2";
			};
			name = Debug;
		};
		44E9EB36285BC45300BF6456 /* Release */ = {
			isa = XCBuildConfiguration;
			buildSettings = {
				ALWAYS_EMBED_SWIFT_STANDARD_LIBRARIES = YES;
				CLANG_ENABLE_MODULES = YES;
				CODE_SIGN_STYLE = Automatic;
				CURRENT_PROJECT_VERSION = 1;
				DEVELOPMENT_TEAM = EWY7M8J6JS;
				GENERATE_INFOPLIST_FILE = YES;
				IPHONEOS_DEPLOYMENT_TARGET = 15.5;
				LD_RUNPATH_SEARCH_PATHS = (
					"$(inherited)",
					"@executable_path/Frameworks",
					"@loader_path/Frameworks",
				);
				MARKETING_VERSION = 1.0;
				PRODUCT_BUNDLE_IDENTIFIER = com.nallo.GithubStargazersiOSTests;
				PRODUCT_NAME = "$(TARGET_NAME)";
				SDKROOT = iphoneos;
				SWIFT_EMIT_LOC_STRINGS = NO;
				SWIFT_VERSION = 5.0;
				TARGETED_DEVICE_FAMILY = "1,2";
				VALIDATE_PRODUCT = YES;
			};
			name = Release;
		};
/* End XCBuildConfiguration section */

/* Begin XCConfigurationList section */
		446C8002285930E7006E78F9 /* Build configuration list for PBXProject "GithubStargazers" */ = {
			isa = XCConfigurationList;
			buildConfigurations = (
				446C8018285930E8006E78F9 /* Debug */,
				446C8019285930E8006E78F9 /* Release */,
			);
			defaultConfigurationIsVisible = 0;
			defaultConfigurationName = Release;
		};
		446C801A285930E8006E78F9 /* Build configuration list for PBXNativeTarget "GithubStargazers" */ = {
			isa = XCConfigurationList;
			buildConfigurations = (
				446C801B285930E8006E78F9 /* Debug */,
				446C801C285930E8006E78F9 /* Release */,
			);
			defaultConfigurationIsVisible = 0;
			defaultConfigurationName = Release;
		};
		446C801D285930E8006E78F9 /* Build configuration list for PBXNativeTarget "GithubStargazersTests" */ = {
			isa = XCConfigurationList;
			buildConfigurations = (
				446C801E285930E8006E78F9 /* Debug */,
				446C801F285930E8006E78F9 /* Release */,
			);
			defaultConfigurationIsVisible = 0;
			defaultConfigurationName = Release;
		};
		44E9EB04285B81B100BF6456 /* Build configuration list for PBXNativeTarget "GithubStargazersEnd2EndTests" */ = {
			isa = XCConfigurationList;
			buildConfigurations = (
				44E9EB02285B81B100BF6456 /* Debug */,
				44E9EB03285B81B100BF6456 /* Release */,
			);
			defaultConfigurationIsVisible = 0;
			defaultConfigurationName = Release;
		};
		44E9EB37285BC45300BF6456 /* Build configuration list for PBXNativeTarget "GithubStargazersiOS" */ = {
			isa = XCConfigurationList;
			buildConfigurations = (
				44E9EB33285BC45300BF6456 /* Debug */,
				44E9EB34285BC45300BF6456 /* Release */,
			);
			defaultConfigurationIsVisible = 0;
			defaultConfigurationName = Release;
		};
		44E9EB38285BC45300BF6456 /* Build configuration list for PBXNativeTarget "GithubStargazersiOSTests" */ = {
			isa = XCConfigurationList;
			buildConfigurations = (
				44E9EB35285BC45300BF6456 /* Debug */,
				44E9EB36285BC45300BF6456 /* Release */,
			);
			defaultConfigurationIsVisible = 0;
			defaultConfigurationName = Release;
		};
/* End XCConfigurationList section */
	};
	rootObject = 446C7FFF285930E7006E78F9 /* Project object */;
}
